PODS:
  - OhhAuth (1.0.0)
  - ReachabilitySwift (4.1.0)
  - SwiftMessages (4.1.4):
    - SwiftMessages/App (= 4.1.4)
  - SwiftMessages/App (4.1.4)
  - TwitterCore (3.1.0)
  - TwitterKit (3.3.0):
    - TwitterCore (>= 3.1.0)

DEPENDENCIES:
  - OhhAuth
  - ReachabilitySwift
  - SwiftMessages
  - TwitterKit

SPEC REPOS:
  https://github.com/cocoapods/specs.git:
    - OhhAuth
    - ReachabilitySwift
    - SwiftMessages
    - TwitterCore
    - TwitterKit

SPEC CHECKSUMS:
  OhhAuth: 82863d7a9aa2a749eb2c65551281c01f3facf501
  ReachabilitySwift: 6849231cd4e06559f3b9ef4a97a0a0f96d41e09f
  SwiftMessages: 2c33fdee8b8f38dfc7e1036684456b505891da8c
  TwitterCore: 644d59e75abccb26cf0a9050d2c4dea0e5412241
  TwitterKit: a2e60ddcedbf54091eac6f27685ca7a87681e1d7

PODFILE CHECKSUM: dc53c4954024726f052eaabc5e9b02653e21e043

COCOAPODS: 1.5.3
